#It is generated by the script with the sourcing file as:3a_user_tenant.yml
  - name: 3a Add EPG Encap VLANs to DC VLAN Pool
    aci_vlan_pool_encap_block:
      hostname: '{{ inventory_hostname }}'
      username: '{{ username }}'
      password: '{{ password }}'
      validate_certs: no
      block_name: '{{ item.vlanDesc }}'
      pool: '{{ item.vlanPool }}'
      pool_allocation_mode: '{{ item.vlanPoolAllMode }}'
      allocation_mode: '{{ item.vlanAllMode }}'
      block_start: '{{ item.startVlan }}'
      block_end: '{{ item.endVlan }}'
      description: '{{ item.vlanDesc }}'
      state: present
    with_items: "{{ aci_vlan_pool_encap_block }}"
    delegate_to: localhost

# the end
